
Microsoft Visual Studio Solution File, Format Version 12.00
# Visual Studio Version 17
VisualStudioVersion = 17.0.31919.166
MinimumVisualStudioVersion = 10.0.40219.1
Project("{FAE04EC0-301F-11D3-BF4B-00C04F79EFBC}") = "1", "1\1.csproj", "{421BBEFE-348E-44C3-9FA0-28339B8A6709}"
EndProject
Project("{FAE04EC0-301F-11D3-BF4B-00C04F79EFBC}") = "2", "2\2.csproj", "{26DA61E2-CB77-4C90-924F-3ACA27F777A2}"
EndProject
Global
	GlobalSection(SolutionConfigurationPlatforms) = preSolution
		Debug|Any CPU = Debug|Any CPU
		Release|Any CPU = Release|Any CPU
	EndGlobalSection
	GlobalSection(ProjectConfigurationPlatforms) = postSolution
		{421BBEFE-348E-44C3-9FA0-28339B8A6709}.Debug|Any CPU.ActiveCfg = Debug|Any CPU
		{421BBEFE-348E-44C3-9FA0-28339B8A6709}.Debug|Any CPU.Build.0 = Debug|Any CPU
		{421BBEFE-348E-44C3-9FA0-28339B8A6709}.Release|Any CPU.ActiveCfg = Release|Any CPU
		{421BBEFE-348E-44C3-9FA0-28339B8A6709}.Release|Any CPU.Build.0 = Release|Any CPU
		{26DA61E2-CB77-4C90-924F-3ACA27F777A2}.Debug|Any CPU.ActiveCfg = Debug|Any CPU
		{26DA61E2-CB77-4C90-924F-3ACA27F777A2}.Debug|Any CPU.Build.0 = Debug|Any CPU
		{26DA61E2-CB77-4C90-924F-3ACA27F777A2}.Release|Any CPU.ActiveCfg = Release|Any CPU
		{26DA61E2-CB77-4C90-924F-3ACA27F777A2}.Release|Any CPU.Build.0 = Release|Any CPU
	EndGlobalSection
	GlobalSection(SolutionProperties) = preSolution
		HideSolutionNode = FALSE
	EndGlobalSection
	GlobalSection(ExtensibilityGlobals) = postSolution
		SolutionGuid = {F88A719B-5B30-4BFE-AAD1-44057C35AD51}
	EndGlobalSection
EndGlobal
